
Microsoft Visual Studio Solution File, Format Version 12.00
# Visual Studio Version 16
VisualStudioVersion = 16.0.30104.148
MinimumVisualStudioVersion = 10.0.40219.1
Project("{FAE04EC0-301F-11D3-BF4B-00C04F79EFBC}") = "mahloola", "mahloola.csproj", "{62FEB83D-B597-4D6F-A3CF-7305EA840DEF}"
EndProject
Global
	GlobalSection(SolutionConfigurationPlatforms) = preSolution
		Debug|Any CPU = Debug|Any CPU
		Release|Any CPU = Release|Any CPU
	EndGlobalSection
	GlobalSection(ProjectConfigurationPlatforms) = postSolution
		{62FEB83D-B597-4D6F-A3CF-7305EA840DEF}.Debug|Any CPU.ActiveCfg = Debug|Any CPU
		{62FEB83D-B597-4D6F-A3CF-7305EA840DEF}.Debug|Any CPU.Build.0 = Debug|Any CPU
		{62FEB83D-B597-4D6F-A3CF-7305EA840DEF}.Release|Any CPU.ActiveCfg = Release|Any CPU
		{62FEB83D-B597-4D6F-A3CF-7305EA840DEF}.Release|Any CPU.Build.0 = Release|Any CPU
	EndGlobalSection
	GlobalSection(SolutionProperties) = preSolution
		HideSolutionNode = FALSE
	EndGlobalSection
	GlobalSection(ExtensibilityGlobals) = postSolution
		SolutionGuid = {7CA0BB91-C9C7-44CD-95FF-3B3AA20F20ED}
	EndGlobalSection
EndGlobal
